// !$*UTF8*$!
{
	archiveVersion = 1;
	classes = {
	};
	objectVersion = 46;
	objects = {

/* Begin PBXBuildFile section */
		D4C324891CCB9C5900A74E92 /* AppDelegate.swift in Sources */ = {isa = PBXBuildFile; fileRef = D4C324881CCB9C5900A74E92 /* AppDelegate.swift */; };
		D4C3248B1CCB9C5900A74E92 /* ViewController.swift in Sources */ = {isa = PBXBuildFile; fileRef = D4C3248A1CCB9C5900A74E92 /* ViewController.swift */; };
		D4C3248E1CCB9C5900A74E92 /* Main.storyboard in Resources */ = {isa = PBXBuildFile; fileRef = D4C3248C1CCB9C5900A74E92 /* Main.storyboard */; };
		D4C324901CCB9C5900A74E92 /* Assets.xcassets in Resources */ = {isa = PBXBuildFile; fileRef = D4C3248F1CCB9C5900A74E92 /* Assets.xcassets */; };
		D4C324931CCB9C5900A74E92 /* LaunchScreen.storyboard in Resources */ = {isa = PBXBuildFile; fileRef = D4C324911CCB9C5900A74E92 /* LaunchScreen.storyboard */; };
		D4C3249E1CCB9C5900A74E92 /* SQLiteTestTests.swift in Sources */ = {isa = PBXBuildFile; fileRef = D4C3249D1CCB9C5900A74E92 /* SQLiteTestTests.swift */; };
		D4C324A91CCB9C5900A74E92 /* SQLiteTestUITests.swift in Sources */ = {isa = PBXBuildFile; fileRef = D4C324A81CCB9C5900A74E92 /* SQLiteTestUITests.swift */; };
		D4C324B91CCB9F9200A74E92 /* libsqlite3.0.tbd in Frameworks */ = {isa = PBXBuildFile; fileRef = D4C324B81CCB9F9200A74E92 /* libsqlite3.0.tbd */; };
		D4C324DB1CCBA0C800A74E92 /* FMDatabase.m in Sources */ = {isa = PBXBuildFile; fileRef = D4C324D01CCBA0C800A74E92 /* FMDatabase.m */; };
		D4C324DC1CCBA0C800A74E92 /* FMDatabaseAdditions.m in Sources */ = {isa = PBXBuildFile; fileRef = D4C324D21CCBA0C800A74E92 /* FMDatabaseAdditions.m */; };
		D4C324DD1CCBA0C800A74E92 /* FMDatabasePool.m in Sources */ = {isa = PBXBuildFile; fileRef = D4C324D41CCBA0C800A74E92 /* FMDatabasePool.m */; };
		D4C324DE1CCBA0C800A74E92 /* FMDatabaseQueue.m in Sources */ = {isa = PBXBuildFile; fileRef = D4C324D61CCBA0C800A74E92 /* FMDatabaseQueue.m */; };
		D4C324DF1CCBA0C800A74E92 /* FMResultSet.m in Sources */ = {isa = PBXBuildFile; fileRef = D4C324D91CCBA0C800A74E92 /* FMResultSet.m */; };
		D4C324E01CCBA0C800A74E92 /* Info.plist in Resources */ = {isa = PBXBuildFile; fileRef = D4C324DA1CCBA0C800A74E92 /* Info.plist */; };
		D4C324E51CCBA27100A74E92 /* Utils.swift in Sources */ = {isa = PBXBuildFile; fileRef = D4C324E41CCBA27100A74E92 /* Utils.swift */; };
/* End PBXBuildFile section */

/* Begin PBXContainerItemProxy section */
		D4C3249A1CCB9C5900A74E92 /* PBXContainerItemProxy */ = {
			isa = PBXContainerItemProxy;
			containerPortal = D4C3247D1CCB9C5900A74E92 /* Project object */;
			proxyType = 1;
			remoteGlobalIDString = D4C324841CCB9C5900A74E92;
			remoteInfo = SQLiteTest;
		};
		D4C324A51CCB9C5900A74E92 /* PBXContainerItemProxy */ = {
			isa = PBXContainerItemProxy;
			containerPortal = D4C3247D1CCB9C5900A74E92 /* Project object */;
			proxyType = 1;
			remoteGlobalIDString = D4C324841CCB9C5900A74E92;
			remoteInfo = SQLiteTest;
		};
/* End PBXContainerItemProxy section */

/* Begin PBXFileReference section */
		D4C324851CCB9C5900A74E92 /* SQLiteTest.app */ = {isa = PBXFileReference; explicitFileType = wrapper.application; includeInIndex = 0; path = SQLiteTest.app; sourceTree = BUILT_PRODUCTS_DIR; };
		D4C324881CCB9C5900A74E92 /* AppDelegate.swift */ = {isa = PBXFileReference; lastKnownFileType = sourcecode.swift; path = AppDelegate.swift; sourceTree = "<group>"; };
		D4C3248A1CCB9C5900A74E92 /* ViewController.swift */ = {isa = PBXFileReference; lastKnownFileType = sourcecode.swift; path = ViewController.swift; sourceTree = "<group>"; };
		D4C3248D1CCB9C5900A74E92 /* Base */ = {isa = PBXFileReference; lastKnownFileType = file.storyboard; name = Base; path = Base.lproj/Main.storyboard; sourceTree = "<group>"; };
		D4C3248F1CCB9C5900A74E92 /* Assets.xcassets */ = {isa = PBXFileReference; lastKnownFileType = folder.assetcatalog; path = Assets.xcassets; sourceTree = "<group>"; };
		D4C324921CCB9C5900A74E92 /* Base */ = {isa = PBXFileReference; lastKnownFileType = file.storyboard; name = Base; path = Base.lproj/LaunchScreen.storyboard; sourceTree = "<group>"; };
		D4C324941CCB9C5900A74E92 /* Info.plist */ = {isa = PBXFileReference; lastKnownFileType = text.plist.xml; path = Info.plist; sourceTree = "<group>"; };
		D4C324991CCB9C5900A74E92 /* SQLiteTestTests.xctest */ = {isa = PBXFileReference; explicitFileType = wrapper.cfbundle; includeInIndex = 0; path = SQLiteTestTests.xctest; sourceTree = BUILT_PRODUCTS_DIR; };
		D4C3249D1CCB9C5900A74E92 /* SQLiteTestTests.swift */ = {isa = PBXFileReference; lastKnownFileType = sourcecode.swift; path = SQLiteTestTests.swift; sourceTree = "<group>"; };
		D4C3249F1CCB9C5900A74E92 /* Info.plist */ = {isa = PBXFileReference; lastKnownFileType = text.plist.xml; path = Info.plist; sourceTree = "<group>"; };
		D4C324A41CCB9C5900A74E92 /* SQLiteTestUITests.xctest */ = {isa = PBXFileReference; explicitFileType = wrapper.cfbundle; includeInIndex = 0; path = SQLiteTestUITests.xctest; sourceTree = BUILT_PRODUCTS_DIR; };
		D4C324A81CCB9C5900A74E92 /* SQLiteTestUITests.swift */ = {isa = PBXFileReference; lastKnownFileType = sourcecode.swift; path = SQLiteTestUITests.swift; sourceTree = "<group>"; };
		D4C324AA1CCB9C5900A74E92 /* Info.plist */ = {isa = PBXFileReference; lastKnownFileType = text.plist.xml; path = Info.plist; sourceTree = "<group>"; };
		D4C324B81CCB9F9200A74E92 /* libsqlite3.0.tbd */ = {isa = PBXFileReference; lastKnownFileType = "sourcecode.text-based-dylib-definition"; name = libsqlite3.0.tbd; path = usr/lib/libsqlite3.0.tbd; sourceTree = SDKROOT; };
		D4C324CF1CCBA0C800A74E92 /* FMDatabase.h */ = {isa = PBXFileReference; fileEncoding = 4; lastKnownFileType = sourcecode.c.h; path = FMDatabase.h; sourceTree = "<group>"; };
		D4C324D01CCBA0C800A74E92 /* FMDatabase.m */ = {isa = PBXFileReference; fileEncoding = 4; lastKnownFileType = sourcecode.c.objc; path = FMDatabase.m; sourceTree = "<group>"; };
		D4C324D11CCBA0C800A74E92 /* FMDatabaseAdditions.h */ = {isa = PBXFileReference; fileEncoding = 4; lastKnownFileType = sourcecode.c.h; path = FMDatabaseAdditions.h; sourceTree = "<group>"; };
		D4C324D21CCBA0C800A74E92 /* FMDatabaseAdditions.m */ = {isa = PBXFileReference; fileEncoding = 4; lastKnownFileType = sourcecode.c.objc; path = FMDatabaseAdditions.m; sourceTree = "<group>"; };
		D4C324D31CCBA0C800A74E92 /* FMDatabasePool.h */ = {isa = PBXFileReference; fileEncoding = 4; lastKnownFileType = sourcecode.c.h; path = FMDatabasePool.h; sourceTree = "<group>"; };
		D4C324D41CCBA0C800A74E92 /* FMDatabasePool.m */ = {isa = PBXFileReference; fileEncoding = 4; lastKnownFileType = sourcecode.c.objc; path = FMDatabasePool.m; sourceTree = "<group>"; };
		D4C324D51CCBA0C800A74E92 /* FMDatabaseQueue.h */ = {isa = PBXFileReference; fileEncoding = 4; lastKnownFileType = sourcecode.c.h; path = FMDatabaseQueue.h; sourceTree = "<group>"; };
		D4C324D61CCBA0C800A74E92 /* FMDatabaseQueue.m */ = {isa = PBXFileReference; fileEncoding = 4; lastKnownFileType = sourcecode.c.objc; path = FMDatabaseQueue.m; sourceTree = "<group>"; };
		D4C324D71CCBA0C800A74E92 /* FMDB.h */ = {isa = PBXFileReference; fileEncoding = 4; lastKnownFileType = sourcecode.c.h; path = FMDB.h; sourceTree = "<group>"; };
		D4C324D81CCBA0C800A74E92 /* FMResultSet.h */ = {isa = PBXFileReference; fileEncoding = 4; lastKnownFileType = sourcecode.c.h; path = FMResultSet.h; sourceTree = "<group>"; };
		D4C324D91CCBA0C800A74E92 /* FMResultSet.m */ = {isa = PBXFileReference; fileEncoding = 4; lastKnownFileType = sourcecode.c.objc; path = FMResultSet.m; sourceTree = "<group>"; };
		D4C324DA1CCBA0C800A74E92 /* Info.plist */ = {isa = PBXFileReference; fileEncoding = 4; lastKnownFileType = text.plist.xml; path = Info.plist; sourceTree = "<group>"; };
		D4C324E21CCBA1C900A74E92 /* objcBridge.h */ = {isa = PBXFileReference; lastKnownFileType = sourcecode.c.h; path = objcBridge.h; sourceTree = "<group>"; };
		D4C324E41CCBA27100A74E92 /* Utils.swift */ = {isa = PBXFileReference; fileEncoding = 4; lastKnownFileType = sourcecode.swift; path = Utils.swift; sourceTree = "<group>"; };
/* End PBXFileReference section */

/* Begin PBXFrameworksBuildPhase section */
		D4C324821CCB9C5900A74E92 /* Frameworks */ = {
			isa = PBXFrameworksBuildPhase;
			buildActionMask = 2147483647;
			files = (
				D4C324B91CCB9F9200A74E92 /* libsqlite3.0.tbd in Frameworks */,
			);
			runOnlyForDeploymentPostprocessing = 0;
		};
		D4C324961CCB9C5900A74E92 /* Frameworks */ = {
			isa = PBXFrameworksBuildPhase;
			buildActionMask = 2147483647;
			files = (
			);
			runOnlyForDeploymentPostprocessing = 0;
		};
		D4C324A11CCB9C5900A74E92 /* Frameworks */ = {
			isa = PBXFrameworksBuildPhase;
			buildActionMask = 2147483647;
			files = (
			);
			runOnlyForDeploymentPostprocessing = 0;
		};
/* End PBXFrameworksBuildPhase section */

/* Begin PBXGroup section */
		D4C3247C1CCB9C5900A74E92 = {
			isa = PBXGroup;
			children = (
				D4C324E21CCBA1C900A74E92 /* objcBridge.h */,
				D4C324E11CCBA0E600A74E92 /* framework */,
				D4C324CE1CCBA0C800A74E92 /* fmdb */,
				D4C324871CCB9C5900A74E92 /* SQLiteTest */,
				D4C3249C1CCB9C5900A74E92 /* SQLiteTestTests */,
				D4C324A71CCB9C5900A74E92 /* SQLiteTestUITests */,
				D4C324861CCB9C5900A74E92 /* Products */,
			);
			sourceTree = "<group>";
		};
		D4C324861CCB9C5900A74E92 /* Products */ = {
			isa = PBXGroup;
			children = (
				D4C324851CCB9C5900A74E92 /* SQLiteTest.app */,
				D4C324991CCB9C5900A74E92 /* SQLiteTestTests.xctest */,
				D4C324A41CCB9C5900A74E92 /* SQLiteTestUITests.xctest */,
			);
			name = Products;
			sourceTree = "<group>";
		};
		D4C324871CCB9C5900A74E92 /* SQLiteTest */ = {
			isa = PBXGroup;
			children = (
				D4C324E31CCBA26400A74E92 /* common */,
				D4C324881CCB9C5900A74E92 /* AppDelegate.swift */,
				D4C3248A1CCB9C5900A74E92 /* ViewController.swift */,
				D4C3248C1CCB9C5900A74E92 /* Main.storyboard */,
				D4C3248F1CCB9C5900A74E92 /* Assets.xcassets */,
				D4C324911CCB9C5900A74E92 /* LaunchScreen.storyboard */,
				D4C324941CCB9C5900A74E92 /* Info.plist */,
			);
			path = SQLiteTest;
			sourceTree = "<group>";
		};
		D4C3249C1CCB9C5900A74E92 /* SQLiteTestTests */ = {
			isa = PBXGroup;
			children = (
				D4C3249D1CCB9C5900A74E92 /* SQLiteTestTests.swift */,
				D4C3249F1CCB9C5900A74E92 /* Info.plist */,
			);
			path = SQLiteTestTests;
			sourceTree = "<group>";
		};
		D4C324A71CCB9C5900A74E92 /* SQLiteTestUITests */ = {
			isa = PBXGroup;
			children = (
				D4C324A81CCB9C5900A74E92 /* SQLiteTestUITests.swift */,
				D4C324AA1CCB9C5900A74E92 /* Info.plist */,
			);
			path = SQLiteTestUITests;
			sourceTree = "<group>";
		};
		D4C324CE1CCBA0C800A74E92 /* fmdb */ = {
			isa = PBXGroup;
			children = (
				D4C324CF1CCBA0C800A74E92 /* FMDatabase.h */,
				D4C324D01CCBA0C800A74E92 /* FMDatabase.m */,
				D4C324D11CCBA0C800A74E92 /* FMDatabaseAdditions.h */,
				D4C324D21CCBA0C800A74E92 /* FMDatabaseAdditions.m */,
				D4C324D31CCBA0C800A74E92 /* FMDatabasePool.h */,
				D4C324D41CCBA0C800A74E92 /* FMDatabasePool.m */,
				D4C324D51CCBA0C800A74E92 /* FMDatabaseQueue.h */,
				D4C324D61CCBA0C800A74E92 /* FMDatabaseQueue.m */,
				D4C324D71CCBA0C800A74E92 /* FMDB.h */,
				D4C324D81CCBA0C800A74E92 /* FMResultSet.h */,
				D4C324D91CCBA0C800A74E92 /* FMResultSet.m */,
				D4C324DA1CCBA0C800A74E92 /* Info.plist */,
			);
			name = fmdb;
			path = SQLiteTest/Library/fmdb;
			sourceTree = "<group>";
		};
		D4C324E11CCBA0E600A74E92 /* framework */ = {
			isa = PBXGroup;
			children = (
				D4C324B81CCB9F9200A74E92 /* libsqlite3.0.tbd */,
			);
			name = framework;
			sourceTree = "<group>";
		};
		D4C324E31CCBA26400A74E92 /* common */ = {
			isa = PBXGroup;
			children = (
				D4C324E41CCBA27100A74E92 /* Utils.swift */,
			);
			name = common;
			sourceTree = "<group>";
		};
/* End PBXGroup section */

/* Begin PBXNativeTarget section */
		D4C324841CCB9C5900A74E92 /* SQLiteTest */ = {
			isa = PBXNativeTarget;
			buildConfigurationList = D4C324AD1CCB9C5900A74E92 /* Build configuration list for PBXNativeTarget "SQLiteTest" */;
			buildPhases = (
				D4C324811CCB9C5900A74E92 /* Sources */,
				D4C324821CCB9C5900A74E92 /* Frameworks */,
				D4C324831CCB9C5900A74E92 /* Resources */,
			);
			buildRules = (
			);
			dependencies = (
			);
			name = SQLiteTest;
			productName = SQLiteTest;
			productReference = D4C324851CCB9C5900A74E92 /* SQLiteTest.app */;
			productType = "com.apple.product-type.application";
		};
		D4C324981CCB9C5900A74E92 /* SQLiteTestTests */ = {
			isa = PBXNativeTarget;
			buildConfigurationList = D4C324B01CCB9C5900A74E92 /* Build configuration list for PBXNativeTarget "SQLiteTestTests" */;
			buildPhases = (
				D4C324951CCB9C5900A74E92 /* Sources */,
				D4C324961CCB9C5900A74E92 /* Frameworks */,
				D4C324971CCB9C5900A74E92 /* Resources */,
			);
			buildRules = (
			);
			dependencies = (
				D4C3249B1CCB9C5900A74E92 /* PBXTargetDependency */,
			);
			name = SQLiteTestTests;
			productName = SQLiteTestTests;
			productReference = D4C324991CCB9C5900A74E92 /* SQLiteTestTests.xctest */;
			productType = "com.apple.product-type.bundle.unit-test";
		};
		D4C324A31CCB9C5900A74E92 /* SQLiteTestUITests */ = {
			isa = PBXNativeTarget;
			buildConfigurationList = D4C324B31CCB9C5900A74E92 /* Build configuration list for PBXNativeTarget "SQLiteTestUITests" */;
			buildPhases = (
				D4C324A01CCB9C5900A74E92 /* Sources */,
				D4C324A11CCB9C5900A74E92 /* Frameworks */,
				D4C324A21CCB9C5900A74E92 /* Resources */,
			);
			buildRules = (
			);
			dependencies = (
				D4C324A61CCB9C5900A74E92 /* PBXTargetDependency */,
			);
			name = SQLiteTestUITests;
			productName = SQLiteTestUITests;
			productReference = D4C324A41CCB9C5900A74E92 /* SQLiteTestUITests.xctest */;
			productType = "com.apple.product-type.bundle.ui-testing";
		};
/* End PBXNativeTarget section */

/* Begin PBXProject section */
		D4C3247D1CCB9C5900A74E92 /* Project object */ = {
			isa = PBXProject;
			attributes = {
				LastSwiftUpdateCheck = 0720;
				LastUpgradeCheck = 0720;
				ORGANIZATIONNAME = ketchup;
				TargetAttributes = {
					D4C324841CCB9C5900A74E92 = {
						CreatedOnToolsVersion = 7.2;
						DevelopmentTeam = 7NS4AYQAP6;
					};
					D4C324981CCB9C5900A74E92 = {
						CreatedOnToolsVersion = 7.2;
						TestTargetID = D4C324841CCB9C5900A74E92;
					};
					D4C324A31CCB9C5900A74E92 = {
						CreatedOnToolsVersion = 7.2;
						TestTargetID = D4C324841CCB9C5900A74E92;
					};
				};
			};
			buildConfigurationList = D4C324801CCB9C5900A74E92 /* Build configuration list for PBXProject "SQLiteTest" */;
			compatibilityVersion = "Xcode 3.2";
			developmentRegion = English;
			hasScannedForEncodings = 0;
			knownRegions = (
				en,
				Base,
			);
			mainGroup = D4C3247C1CCB9C5900A74E92;
			productRefGroup = D4C324861CCB9C5900A74E92 /* Products */;
			projectDirPath = "";
			projectRoot = "";
			targets = (
				D4C324841CCB9C5900A74E92 /* SQLiteTest */,
				D4C324981CCB9C5900A74E92 /* SQLiteTestTests */,
				D4C324A31CCB9C5900A74E92 /* SQLiteTestUITests */,
			);
		};
/* End PBXProject section */

/* Begin PBXResourcesBuildPhase section */
		D4C324831CCB9C5900A74E92 /* Resources */ = {
			isa = PBXResourcesBuildPhase;
			buildActionMask = 2147483647;
			files = (
				D4C324E01CCBA0C800A74E92 /* Info.plist in Resources */,
				D4C324931CCB9C5900A74E92 /* LaunchScreen.storyboard in Resources */,
				D4C324901CCB9C5900A74E92 /* Assets.xcassets in Resources */,
				D4C3248E1CCB9C5900A74E92 /* Main.storyboard in Resources */,
			);
			runOnlyForDeploymentPostprocessing = 0;
		};
		D4C324971CCB9C5900A74E92 /* Resources */ = {
			isa = PBXResourcesBuildPhase;
			buildActionMask = 2147483647;
			files = (
			);
			runOnlyForDeploymentPostprocessing = 0;
		};
		D4C324A21CCB9C5900A74E92 /* Resources */ = {
			isa = PBXResourcesBuildPhase;
			buildActionMask = 2147483647;
			files = (
			);
			runOnlyForDeploymentPostprocessing = 0;
		};
/* End PBXResourcesBuildPhase section */

/* Begin PBXSourcesBuildPhase section */
		D4C324811CCB9C5900A74E92 /* Sources */ = {
			isa = PBXSourcesBuildPhase;
			buildActionMask = 2147483647;
			files = (
				D4C324DB1CCBA0C800A74E92 /* FMDatabase.m in Sources */,
				D4C3248B1CCB9C5900A74E92 /* ViewController.swift in Sources */,
				D4C324DF1CCBA0C800A74E92 /* FMResultSet.m in Sources */,
				D4C324DD1CCBA0C800A74E92 /* FMDatabasePool.m in Sources */,
				D4C324891CCB9C5900A74E92 /* AppDelegate.swift in Sources */,
				D4C324DC1CCBA0C800A74E92 /* FMDatabaseAdditions.m in Sources */,
				D4C324DE1CCBA0C800A74E92 /* FMDatabaseQueue.m in Sources */,
				D4C324E51CCBA27100A74E92 /* Utils.swift in Sources */,
			);
			runOnlyForDeploymentPostprocessing = 0;
		};
		D4C324951CCB9C5900A74E92 /* Sources */ = {
			isa = PBXSourcesBuildPhase;
			buildActionMask = 2147483647;
			files = (
				D4C3249E1CCB9C5900A74E92 /* SQLiteTestTests.swift in Sources */,
			);
			runOnlyForDeploymentPostprocessing = 0;
		};
		D4C324A01CCB9C5900A74E92 /* Sources */ = {
			isa = PBXSourcesBuildPhase;
			buildActionMask = 2147483647;
			files = (
				D4C324A91CCB9C5900A74E92 /* SQLiteTestUITests.swift in Sources */,
			);
			runOnlyForDeploymentPostprocessing = 0;
		};
/* End PBXSourcesBuildPhase section */

/* Begin PBXTargetDependency section */
		D4C3249B1CCB9C5900A74E92 /* PBXTargetDependency */ = {
			isa = PBXTargetDependency;
			target = D4C324841CCB9C5900A74E92 /* SQLiteTest */;
			targetProxy = D4C3249A1CCB9C5900A74E92 /* PBXContainerItemProxy */;
		};
		D4C324A61CCB9C5900A74E92 /* PBXTargetDependency */ = {
			isa = PBXTargetDependency;
			target = D4C324841CCB9C5900A74E92 /* SQLiteTest */;
			targetProxy = D4C324A51CCB9C5900A74E92 /* PBXContainerItemProxy */;
		};
/* End PBXTargetDependency section */

/* Begin PBXVariantGroup section */
		D4C3248C1CCB9C5900A74E92 /* Main.storyboard */ = {
			isa = PBXVariantGroup;
			children = (
				D4C3248D1CCB9C5900A74E92 /* Base */,
			);
			name = Main.storyboard;
			sourceTree = "<group>";
		};
		D4C324911CCB9C5900A74E92 /* LaunchScreen.storyboard */ = {
			isa = PBXVariantGroup;
			children = (
				D4C324921CCB9C5900A74E92 /* Base */,
			);
			name = LaunchScreen.storyboard;
			sourceTree = "<group>";
		};
/* End PBXVariantGroup section */

/* Begin XCBuildConfiguration section */
		D4C324AB1CCB9C5900A74E92 /* Debug */ = {
			isa = XCBuildConfiguration;
			buildSettings = {
				ALWAYS_SEARCH_USER_PATHS = NO;
				CLANG_CXX_LANGUAGE_STANDARD = "gnu++0x";
				CLANG_CXX_LIBRARY = "libc++";
				CLANG_ENABLE_MODULES = YES;
				CLANG_ENABLE_OBJC_ARC = YES;
				CLANG_WARN_BOOL_CONVERSION = YES;
				CLANG_WARN_CONSTANT_CONVERSION = YES;
				CLANG_WARN_DIRECT_OBJC_ISA_USAGE = YES_ERROR;
				CLANG_WARN_EMPTY_BODY = YES;
				CLANG_WARN_ENUM_CONVERSION = YES;
				CLANG_WARN_INT_CONVERSION = YES;
				CLANG_WARN_OBJC_ROOT_CLASS = YES_ERROR;
				CLANG_WARN_UNREACHABLE_CODE = YES;
				CLANG_WARN__DUPLICATE_METHOD_MATCH = YES;
				"CODE_SIGN_IDENTITY[sdk=iphoneos*]" = "iPhone Developer";
				COPY_PHASE_STRIP = NO;
				DEBUG_INFORMATION_FORMAT = dwarf;
				ENABLE_STRICT_OBJC_MSGSEND = YES;
				ENABLE_TESTABILITY = YES;
				GCC_C_LANGUAGE_STANDARD = gnu99;
				GCC_DYNAMIC_NO_PIC = NO;
				GCC_NO_COMMON_BLOCKS = YES;
				GCC_OPTIMIZATION_LEVEL = 0;
				GCC_PREPROCESSOR_DEFINITIONS = (
					"DEBUG=1",
					"$(inherited)",
				);
				GCC_WARN_64_TO_32_BIT_CONVERSION = YES;
				GCC_WARN_ABOUT_RETURN_TYPE = YES_ERROR;
				GCC_WARN_UNDECLARED_SELECTOR = YES;
				GCC_WARN_UNINITIALIZED_AUTOS = YES_AGGRESSIVE;
				GCC_WARN_UNUSED_FUNCTION = YES;
				GCC_WARN_UNUSED_VARIABLE = YES;
				IPHONEOS_DEPLOYMENT_TARGET = 9.2;
				MTL_ENABLE_DEBUG_INFO = YES;
				ONLY_ACTIVE_ARCH = YES;
				SDKROOT = iphoneos;
				SWIFT_OPTIMIZATION_LEVEL = "-Onone";
				TARGETED_DEVICE_FAMILY = "1,2";
			};
			name = Debug;
		};
		D4C324AC1CCB9C5900A74E92 /* Release */ = {
			isa = XCBuildConfiguration;
			buildSettings = {
				ALWAYS_SEARCH_USER_PATHS = NO;
				CLANG_CXX_LANGUAGE_STANDARD = "gnu++0x";
				CLANG_CXX_LIBRARY = "libc++";
				CLANG_ENABLE_MODULES = YES;
				CLANG_ENABLE_OBJC_ARC = YES;
				CLANG_WARN_BOOL_CONVERSION = YES;
				CLANG_WARN_CONSTANT_CONVERSION = YES;
				CLANG_WARN_DIRECT_OBJC_ISA_USAGE = YES_ERROR;
				CLANG_WARN_EMPTY_BODY = YES;
				CLANG_WARN_ENUM_CONVERSION = YES;
				CLANG_WARN_INT_CONVERSION = YES;
				CLANG_WARN_OBJC_ROOT_CLASS = YES_ERROR;
				CLANG_WARN_UNREACHABLE_CODE = YES;
				CLANG_WARN__DUPLICATE_METHOD_MATCH = YES;
				"CODE_SIGN_IDENTITY[sdk=iphoneos*]" = "iPhone Developer";
				COPY_PHASE_STRIP = NO;
				DEBUG_INFORMATION_FORMAT = "dwarf-with-dsym";
				ENABLE_NS_ASSERTIONS = NO;
				ENABLE_STRICT_OBJC_MSGSEND = YES;
				GCC_C_LANGUAGE_STANDARD = gnu99;
				GCC_NO_COMMON_BLOCKS = YES;
				GCC_WARN_64_TO_32_BIT_CONVERSION = YES;
				GCC_WARN_ABOUT_RETURN_TYPE = YES_ERROR;
				GCC_WARN_UNDECLARED_SELECTOR = YES;
				GCC_WARN_UNINITIALIZED_AUTOS = YES_AGGRESSIVE;
				GCC_WARN_UNUSED_FUNCTION = YES;
				GCC_WARN_UNUSED_VARIABLE = YES;
				IPHONEOS_DEPLOYMENT_TARGET = 9.2;
				MTL_ENABLE_DEBUG_INFO = NO;
				SDKROOT = iphoneos;
				TARGETED_DEVICE_FAMILY = "1,2";
				VALIDATE_PRODUCT = YES;
			};
			name = Release;
		};
		D4C324AE1CCB9C5900A74E92 /* Debug */ = {
			isa = XCBuildConfiguration;
			buildSettings = {
				ASSETCATALOG_COMPILER_APPICON_NAME = AppIcon;
				CODE_SIGN_IDENTITY = "iPhone Developer";
				INFOPLIST_FILE = SQLiteTest/Info.plist;
				LD_RUNPATH_SEARCH_PATHS = "$(inherited) @executable_path/Frameworks";
				PRODUCT_BUNDLE_IDENTIFIER = net.elecmac.SQLiteTest;
				PRODUCT_NAME = "$(TARGET_NAME)";
				SWIFT_INSTALL_OBJC_HEADER = YES;
				SWIFT_OBJC_BRIDGING_HEADER = objcBridge.h;
			};
			name = Debug;
		};
		D4C324AF1CCB9C5900A74E92 /* Release */ = {
			isa = XCBuildConfiguration;
			buildSettings = {
				ASSETCATALOG_COMPILER_APPICON_NAME = AppIcon;
				CODE_SIGN_IDENTITY = "iPhone Developer";
				INFOPLIST_FILE = SQLiteTest/Info.plist;
				LD_RUNPATH_SEARCH_PATHS = "$(inherited) @executable_path/Frameworks";
				PRODUCT_BUNDLE_IDENTIFIER = net.elecmac.SQLiteTest;
				PRODUCT_NAME = "$(TARGET_NAME)";
				SWIFT_INSTALL_OBJC_HEADER = YES;
				SWIFT_OBJC_BRIDGING_HEADER = objcBridge.h;
			};
			name = Release;
		};
		D4C324B11CCB9C5900A74E92 /* Debug */ = {
			isa = XCBuildConfiguration;
			buildSettings = {
				BUNDLE_LOADER = "$(TEST_HOST)";
				INFOPLIST_FILE = SQLiteTestTests/Info.plist;
				LD_RUNPATH_SEARCH_PATHS = "$(inherited) @executable_path/Frameworks @loader_path/Frameworks";
				PRODUCT_BUNDLE_IDENTIFIER = net.elecmac.SQLiteTestTests;
				PRODUCT_NAME = "$(TARGET_NAME)";
				TEST_HOST = "$(BUILT_PRODUCTS_DIR)/SQLiteTest.app/SQLiteTest";
			};
			name = Debug;
		};
		D4C324B21CCB9C5900A74E92 /* Release */ = {
			isa = XCBuildConfiguration;
			buildSettings = {
				BUNDLE_LOADER = "$(TEST_HOST)";
				INFOPLIST_FILE = SQLiteTestTests/Info.plist;
				LD_RUNPATH_SEARCH_PATHS = "$(inherited) @executable_path/Frameworks @loader_path/Frameworks";
				PRODUCT_BUNDLE_IDENTIFIER = net.elecmac.SQLiteTestTests;
				PRODUCT_NAME = "$(TARGET_NAME)";
				TEST_HOST = "$(BUILT_PRODUCTS_DIR)/SQLiteTest.app/SQLiteTest";
			};
			name = Release;
		};
		D4C324B41CCB9C5900A74E92 /* Debug */ = {
			isa = XCBuildConfiguration;
			buildSettings = {
				INFOPLIST_FILE = SQLiteTestUITests/Info.plist;
				LD_RUNPATH_SEARCH_PATHS = "$(inherited) @executable_path/Frameworks @loader_path/Frameworks";
				PRODUCT_BUNDLE_IDENTIFIER = net.elecmac.SQLiteTestUITests;
				PRODUCT_NAME = "$(TARGET_NAME)";
				TEST_TARGET_NAME = SQLiteTest;
				USES_XCTRUNNER = YES;
			};
			name = Debug;
		};
		D4C324B51CCB9C5900A74E92 /* Release */ = {
			isa = XCBuildConfiguration;
			buildSettings = {
				INFOPLIST_FILE = SQLiteTestUITests/Info.plist;
				LD_RUNPATH_SEARCH_PATHS = "$(inherited) @executable_path/Frameworks @loader_path/Frameworks";
				PRODUCT_BUNDLE_IDENTIFIER = net.elecmac.SQLiteTestUITests;
				PRODUCT_NAME = "$(TARGET_NAME)";
				TEST_TARGET_NAME = SQLiteTest;
				USES_XCTRUNNER = YES;
			};
			name = Release;
		};
/* End XCBuildConfiguration section */

/* Begin XCConfigurationList section */
		D4C324801CCB9C5900A74E92 /* Build configuration list for PBXProject "SQLiteTest" */ = {
			isa = XCConfigurationList;
			buildConfigurations = (
				D4C324AB1CCB9C5900A74E92 /* Debug */,
				D4C324AC1CCB9C5900A74E92 /* Release */,
			);
			defaultConfigurationIsVisible = 0;
			defaultConfigurationName = Release;
		};
		D4C324AD1CCB9C5900A74E92 /* Build configuration list for PBXNativeTarget "SQLiteTest" */ = {
			isa = XCConfigurationList;
			buildConfigurations = (
				D4C324AE1CCB9C5900A74E92 /* Debug */,
				D4C324AF1CCB9C5900A74E92 /* Release */,
			);
			defaultConfigurationIsVisible = 0;
			defaultConfigurationName = Release;
		};
		D4C324B01CCB9C5900A74E92 /* Build configuration list for PBXNativeTarget "SQLiteTestTests" */ = {
			isa = XCConfigurationList;
			buildConfigurations = (
				D4C324B11CCB9C5900A74E92 /* Debug */,
				D4C324B21CCB9C5900A74E92 /* Release */,
			);
			defaultConfigurationIsVisible = 0;
			defaultConfigurationName = Release;
		};
		D4C324B31CCB9C5900A74E92 /* Build configuration list for PBXNativeTarget "SQLiteTestUITests" */ = {
			isa = XCConfigurationList;
			buildConfigurations = (
				D4C324B41CCB9C5900A74E92 /* Debug */,
				D4C324B51CCB9C5900A74E92 /* Release */,
			);
			defaultConfigurationIsVisible = 0;
			defaultConfigurationName = Release;
		};
/* End XCConfigurationList section */
	};
	rootObject = D4C3247D1CCB9C5900A74E92 /* Project object */;
}
